// !$*UTF8*$!
{
	archiveVersion = 1;
	classes = {
	};
	objectVersion = 56;
	objects = {

/* Begin PBXBuildFile section */
		03BD4AAA2B3CB26000341CE2 /* SwiftBankApp.swift in Sources */ = {isa = PBXBuildFile; fileRef = 03BD4AA92B3CB26000341CE2 /* SwiftBankApp.swift */; };
		03BD4AAE2B3CB26400341CE2 /* Assets.xcassets in Resources */ = {isa = PBXBuildFile; fileRef = 03BD4AAD2B3CB26400341CE2 /* Assets.xcassets */; };
		03BD4AB12B3CB26400341CE2 /* Preview Assets.xcassets in Resources */ = {isa = PBXBuildFile; fileRef = 03BD4AB02B3CB26400341CE2 /* Preview Assets.xcassets */; };
		03BD4ABD2B3CC72000341CE2 /* BalanceView.swift in Sources */ = {isa = PBXBuildFile; fileRef = 03BD4ABC2B3CC72000341CE2 /* BalanceView.swift */; };
		03E5D8DD2B40D79A00B9BC9A /* CreditCardView.swift in Sources */ = {isa = PBXBuildFile; fileRef = 03E5D8DC2B40D79A00B9BC9A /* CreditCardView.swift */; };
		03E5D8E02B4213BD00B9BC9A /* GenericView.swift in Sources */ = {isa = PBXBuildFile; fileRef = 03E5D8DF2B4213BD00B9BC9A /* GenericView.swift */; };
		03E5D8E82B425BC700B9BC9A /* ActivitiesView.swift in Sources */ = {isa = PBXBuildFile; fileRef = 03E5D8E72B425BC700B9BC9A /* ActivitiesView.swift */; };
		03E5D8EE2B45E20F00B9BC9A /* HomeViewModel.swift in Sources */ = {isa = PBXBuildFile; fileRef = 03E5D8ED2B45E20F00B9BC9A /* HomeViewModel.swift */; };
		03E5D8F42B45E32B00B9BC9A /* Endpoint.swift in Sources */ = {isa = PBXBuildFile; fileRef = 03E5D8F32B45E32B00B9BC9A /* Endpoint.swift */; };
		03E5D8F62B45E48A00B9BC9A /* RequestMethod.swift in Sources */ = {isa = PBXBuildFile; fileRef = 03E5D8F52B45E48A00B9BC9A /* RequestMethod.swift */; };
		03E5D8F82B45E4F400B9BC9A /* RequestError.swift in Sources */ = {isa = PBXBuildFile; fileRef = 03E5D8F72B45E4F400B9BC9A /* RequestError.swift */; };
		03E5D8FA2B45E50D00B9BC9A /* HTTPClient.swift in Sources */ = {isa = PBXBuildFile; fileRef = 03E5D8F92B45E50D00B9BC9A /* HTTPClient.swift */; };
		03E5D8FC2B45E52F00B9BC9A /* HomeEndpoint.swift in Sources */ = {isa = PBXBuildFile; fileRef = 03E5D8FB2B45E52F00B9BC9A /* HomeEndpoint.swift */; };
		03E5D8FE2B45E64800B9BC9A /* HomeNetworkingService.swift in Sources */ = {isa = PBXBuildFile; fileRef = 03E5D8FD2B45E64800B9BC9A /* HomeNetworkingService.swift */; };
		03E5D9002B45F3C800B9BC9A /* HomeView.swift in Sources */ = {isa = PBXBuildFile; fileRef = 03E5D8FF2B45F3C800B9BC9A /* HomeView.swift */; };
		188629C52B88EC2000DA3CCD /* HomeModel.swift in Sources */ = {isa = PBXBuildFile; fileRef = 188629C42B88EC2000DA3CCD /* HomeModel.swift */; };
		188629C72B88EC3F00DA3CCD /* TextModel.swift in Sources */ = {isa = PBXBuildFile; fileRef = 188629C62B88EC3F00DA3CCD /* TextModel.swift */; };
		696A9FAC5ED93B1F913DCC2D /* Pods_SwiftBank.framework in Frameworks */ = {isa = PBXBuildFile; fileRef = A1B7DFBE1CA2DF2FA219E05C /* Pods_SwiftBank.framework */; };
		BC03DFDA2C3F223C00C9795A /* CreditCardResponse.swift in Sources */ = {isa = PBXBuildFile; fileRef = BC03DFD92C3F223C00C9795A /* CreditCardResponse.swift */; };
		BC0B827C2C3898B80036C3D4 /* BalanceResponse.swift in Sources */ = {isa = PBXBuildFile; fileRef = BC0B827B2C3898B80036C3D4 /* BalanceResponse.swift */; };
		BC0B82802C38A4050036C3D4 /* GenericSectionView.swift in Sources */ = {isa = PBXBuildFile; fileRef = BC0B827F2C38A4050036C3D4 /* GenericSectionView.swift */; };
		BC0B82822C38A4840036C3D4 /* BalanceSection.swift in Sources */ = {isa = PBXBuildFile; fileRef = BC0B82812C38A4840036C3D4 /* BalanceSection.swift */; };
		BC2013F42C45D03700327599 /* NavigationRouter.swift in Sources */ = {isa = PBXBuildFile; fileRef = BC2013F32C45D03700327599 /* NavigationRouter.swift */; };
		BC2013F62C45D1D600327599 /* Route.swift in Sources */ = {isa = PBXBuildFile; fileRef = BC2013F52C45D1D600327599 /* Route.swift */; };
		BC2013F92C45D2DC00327599 /* PixView.swift in Sources */ = {isa = PBXBuildFile; fileRef = BC2013F82C45D2DC00327599 /* PixView.swift */; };
		BC2013FB2C45D92100327599 /* RouterHandler.swift in Sources */ = {isa = PBXBuildFile; fileRef = BC2013FA2C45D92100327599 /* RouterHandler.swift */; };
		BC2013FF2C47156600327599 /* URLExtension.swift in Sources */ = {isa = PBXBuildFile; fileRef = BC2013FE2C47156600327599 /* URLExtension.swift */; };
		BC2014052C4717B000327599 /* GenericErrorView.swift in Sources */ = {isa = PBXBuildFile; fileRef = BC2014042C4717B000327599 /* GenericErrorView.swift */; };
		BC62CF482C3F246A00CB31F6 /* CreditCardSection.swift in Sources */ = {isa = PBXBuildFile; fileRef = BC62CF472C3F246A00CB31F6 /* CreditCardSection.swift */; };
		BC62CF4B2C40124A00CB31F6 /* GenericSectionResponse.swift in Sources */ = {isa = PBXBuildFile; fileRef = BC62CF4A2C40124A00CB31F6 /* GenericSectionResponse.swift */; };
		BC62CF4D2C4012C100CB31F6 /* GenericSection.swift in Sources */ = {isa = PBXBuildFile; fileRef = BC62CF4C2C4012C100CB31F6 /* GenericSection.swift */; };
		BC8F5BF72C37625500A6D5D0 /* DictionaryDecodable.swift in Sources */ = {isa = PBXBuildFile; fileRef = BC8F5BF62C37625500A6D5D0 /* DictionaryDecodable.swift */; };
		BCB198652C2B76D10001E34E /* SectionModel.swift in Sources */ = {isa = PBXBuildFile; fileRef = BCB198642C2B76D10001E34E /* SectionModel.swift */; };
/* End PBXBuildFile section */

/* Begin PBXFileReference section */
		03BD4AA62B3CB26000341CE2 /* SwiftBank.app */ = {isa = PBXFileReference; explicitFileType = wrapper.application; includeInIndex = 0; path = SwiftBank.app; sourceTree = BUILT_PRODUCTS_DIR; };
		03BD4AA92B3CB26000341CE2 /* SwiftBankApp.swift */ = {isa = PBXFileReference; lastKnownFileType = sourcecode.swift; path = SwiftBankApp.swift; sourceTree = "<group>"; };
		03BD4AAD2B3CB26400341CE2 /* Assets.xcassets */ = {isa = PBXFileReference; lastKnownFileType = folder.assetcatalog; path = Assets.xcassets; sourceTree = "<group>"; };
		03BD4AB02B3CB26400341CE2 /* Preview Assets.xcassets */ = {isa = PBXFileReference; lastKnownFileType = folder.assetcatalog; path = "Preview Assets.xcassets"; sourceTree = "<group>"; };
		03BD4ABC2B3CC72000341CE2 /* BalanceView.swift */ = {isa = PBXFileReference; lastKnownFileType = sourcecode.swift; path = BalanceView.swift; sourceTree = "<group>"; };
		03E5D8DC2B40D79A00B9BC9A /* CreditCardView.swift */ = {isa = PBXFileReference; lastKnownFileType = sourcecode.swift; path = CreditCardView.swift; sourceTree = "<group>"; };
		03E5D8DF2B4213BD00B9BC9A /* GenericView.swift */ = {isa = PBXFileReference; lastKnownFileType = sourcecode.swift; path = GenericView.swift; sourceTree = "<group>"; };
		03E5D8E72B425BC700B9BC9A /* ActivitiesView.swift */ = {isa = PBXFileReference; lastKnownFileType = sourcecode.swift; path = ActivitiesView.swift; sourceTree = "<group>"; };
		03E5D8ED2B45E20F00B9BC9A /* HomeViewModel.swift */ = {isa = PBXFileReference; lastKnownFileType = sourcecode.swift; path = HomeViewModel.swift; sourceTree = "<group>"; };
		03E5D8F32B45E32B00B9BC9A /* Endpoint.swift */ = {isa = PBXFileReference; lastKnownFileType = sourcecode.swift; path = Endpoint.swift; sourceTree = "<group>"; };
		03E5D8F52B45E48A00B9BC9A /* RequestMethod.swift */ = {isa = PBXFileReference; lastKnownFileType = sourcecode.swift; path = RequestMethod.swift; sourceTree = "<group>"; };
		03E5D8F72B45E4F400B9BC9A /* RequestError.swift */ = {isa = PBXFileReference; lastKnownFileType = sourcecode.swift; path = RequestError.swift; sourceTree = "<group>"; };
		03E5D8F92B45E50D00B9BC9A /* HTTPClient.swift */ = {isa = PBXFileReference; lastKnownFileType = sourcecode.swift; path = HTTPClient.swift; sourceTree = "<group>"; };
		03E5D8FB2B45E52F00B9BC9A /* HomeEndpoint.swift */ = {isa = PBXFileReference; lastKnownFileType = sourcecode.swift; path = HomeEndpoint.swift; sourceTree = "<group>"; };
		03E5D8FD2B45E64800B9BC9A /* HomeNetworkingService.swift */ = {isa = PBXFileReference; lastKnownFileType = sourcecode.swift; path = HomeNetworkingService.swift; sourceTree = "<group>"; };
		03E5D8FF2B45F3C800B9BC9A /* HomeView.swift */ = {isa = PBXFileReference; lastKnownFileType = sourcecode.swift; path = HomeView.swift; sourceTree = "<group>"; };
		188629C42B88EC2000DA3CCD /* HomeModel.swift */ = {isa = PBXFileReference; lastKnownFileType = sourcecode.swift; path = HomeModel.swift; sourceTree = "<group>"; };
		188629C62B88EC3F00DA3CCD /* TextModel.swift */ = {isa = PBXFileReference; lastKnownFileType = sourcecode.swift; path = TextModel.swift; sourceTree = "<group>"; };
		A1B7DFBE1CA2DF2FA219E05C /* Pods_SwiftBank.framework */ = {isa = PBXFileReference; explicitFileType = wrapper.framework; includeInIndex = 0; path = Pods_SwiftBank.framework; sourceTree = BUILT_PRODUCTS_DIR; };
		BC03DFD92C3F223C00C9795A /* CreditCardResponse.swift */ = {isa = PBXFileReference; lastKnownFileType = sourcecode.swift; name = CreditCardResponse.swift; path = ../../../../../../../../../CreditCardResponse.swift; sourceTree = "<group>"; };
		BC0B827B2C3898B80036C3D4 /* BalanceResponse.swift */ = {isa = PBXFileReference; lastKnownFileType = sourcecode.swift; name = BalanceResponse.swift; path = ../../../../../../../../../BalanceResponse.swift; sourceTree = "<group>"; };
		BC0B827F2C38A4050036C3D4 /* GenericSectionView.swift */ = {isa = PBXFileReference; lastKnownFileType = sourcecode.swift; name = GenericSectionView.swift; path = ../../../../../../../../../GenericSectionView.swift; sourceTree = "<group>"; };
		BC0B82812C38A4840036C3D4 /* BalanceSection.swift */ = {isa = PBXFileReference; lastKnownFileType = sourcecode.swift; name = BalanceSection.swift; path = ../../../../../../../../../BalanceSection.swift; sourceTree = "<group>"; };
		BC2013F32C45D03700327599 /* NavigationRouter.swift */ = {isa = PBXFileReference; lastKnownFileType = sourcecode.swift; name = NavigationRouter.swift; path = ../../../../../../../NavigationRouter.swift; sourceTree = "<group>"; };
		BC2013F52C45D1D600327599 /* Route.swift */ = {isa = PBXFileReference; lastKnownFileType = sourcecode.swift; name = Route.swift; path = ../../../../../../../Route.swift; sourceTree = "<group>"; };
		BC2013F82C45D2DC00327599 /* PixView.swift */ = {isa = PBXFileReference; lastKnownFileType = sourcecode.swift; name = PixView.swift; path = ../../../../../../../../../PixView.swift; sourceTree = "<group>"; };
		BC2013FA2C45D92100327599 /* RouterHandler.swift */ = {isa = PBXFileReference; lastKnownFileType = sourcecode.swift; name = RouterHandler.swift; path = ../../../../../../../RouterHandler.swift; sourceTree = "<group>"; };
		BC2013FE2C47156600327599 /* URLExtension.swift */ = {isa = PBXFileReference; lastKnownFileType = sourcecode.swift; path = URLExtension.swift; sourceTree = "<group>"; };
		BC2014042C4717B000327599 /* GenericErrorView.swift */ = {isa = PBXFileReference; lastKnownFileType = sourcecode.swift; path = GenericErrorView.swift; sourceTree = "<group>"; };
		BC2AA95D2C40719600EB618B /* Info.plist */ = {isa = PBXFileReference; lastKnownFileType = text.plist; path = Info.plist; sourceTree = "<group>"; };
		BC62CF472C3F246A00CB31F6 /* CreditCardSection.swift */ = {isa = PBXFileReference; lastKnownFileType = sourcecode.swift; name = CreditCardSection.swift; path = ../../../../../../../../../CreditCardSection.swift; sourceTree = "<group>"; };
		BC62CF4A2C40124A00CB31F6 /* GenericSectionResponse.swift */ = {isa = PBXFileReference; lastKnownFileType = sourcecode.swift; name = GenericSectionResponse.swift; path = ../../../../../../../../../GenericSectionResponse.swift; sourceTree = "<group>"; };
		BC62CF4C2C4012C100CB31F6 /* GenericSection.swift */ = {isa = PBXFileReference; lastKnownFileType = sourcecode.swift; name = GenericSection.swift; path = ../../../../../../../../../GenericSection.swift; sourceTree = "<group>"; };
		BC8F5BF62C37625500A6D5D0 /* DictionaryDecodable.swift */ = {isa = PBXFileReference; fileEncoding = 4; lastKnownFileType = sourcecode.swift; path = DictionaryDecodable.swift; sourceTree = "<group>"; };
		BCB198642C2B76D10001E34E /* SectionModel.swift */ = {isa = PBXFileReference; lastKnownFileType = sourcecode.swift; name = SectionModel.swift; path = ../../../../../../../../SectionModel.swift; sourceTree = "<group>"; };
		D3BED46434633659937722A2 /* Pods-SwiftBank.release.xcconfig */ = {isa = PBXFileReference; includeInIndex = 1; lastKnownFileType = text.xcconfig; name = "Pods-SwiftBank.release.xcconfig"; path = "Target Support Files/Pods-SwiftBank/Pods-SwiftBank.release.xcconfig"; sourceTree = "<group>"; };
		F49F12B24432F8F68BDC28D3 /* Pods-SwiftBank.debug.xcconfig */ = {isa = PBXFileReference; includeInIndex = 1; lastKnownFileType = text.xcconfig; name = "Pods-SwiftBank.debug.xcconfig"; path = "Target Support Files/Pods-SwiftBank/Pods-SwiftBank.debug.xcconfig"; sourceTree = "<group>"; };
/* End PBXFileReference section */

/* Begin PBXFrameworksBuildPhase section */
		03BD4AA32B3CB26000341CE2 /* Frameworks */ = {
			isa = PBXFrameworksBuildPhase;
			buildActionMask = 2147483647;
			files = (
				696A9FAC5ED93B1F913DCC2D /* Pods_SwiftBank.framework in Frameworks */,
			);
			runOnlyForDeploymentPostprocessing = 0;
		};
/* End PBXFrameworksBuildPhase section */

/* Begin PBXGroup section */
		03BD4A9D2B3CB26000341CE2 = {
			isa = PBXGroup;
			children = (
				03BD4AA82B3CB26000341CE2 /* SwiftBank */,
				03BD4AA72B3CB26000341CE2 /* Products */,
				93E3A5EE056B9D13AB7492E7 /* Pods */,
				698B6B0DB272C629C7B05FDA /* Frameworks */,
			);
			sourceTree = "<group>";
		};
		03BD4AA72B3CB26000341CE2 /* Products */ = {
			isa = PBXGroup;
			children = (
				03BD4AA62B3CB26000341CE2 /* SwiftBank.app */,
			);
			name = Products;
			sourceTree = "<group>";
		};
		03BD4AA82B3CB26000341CE2 /* SwiftBank */ = {
			isa = PBXGroup;
			children = (
				BC2AA95D2C40719600EB618B /* Info.plist */,
				03BD4AA92B3CB26000341CE2 /* SwiftBankApp.swift */,
				03BD4AB72B3CB2F500341CE2 /* Home */,
				03E5D8EF2B45E25100B9BC9A /* Networking */,
				BC2013F22C45D01E00327599 /* Navigation */,
				03BD4AAD2B3CB26400341CE2 /* Assets.xcassets */,
				03BD4AAF2B3CB26400341CE2 /* Preview Content */,
			);
			path = SwiftBank;
			sourceTree = "<group>";
		};
		03BD4AAF2B3CB26400341CE2 /* Preview Content */ = {
			isa = PBXGroup;
			children = (
				03BD4AB02B3CB26400341CE2 /* Preview Assets.xcassets */,
			);
			path = "Preview Content";
			sourceTree = "<group>";
		};
		03BD4AB72B3CB2F500341CE2 /* Home */ = {
			isa = PBXGroup;
			children = (
				188629C32B88EC0C00DA3CCD /* Models */,
				03E5D8EC2B45E1F200B9BC9A /* ViewModel */,
				03E5D8E22B421EB400B9BC9A /* Views */,
				BCB198662C2B78D40001E34E /* Extensions */,
			);
			path = Home;
			sourceTree = "<group>";
		};
		03BD4ABB2B3CC70200341CE2 /* Balance */ = {
			isa = PBXGroup;
			children = (
				03BD4ABC2B3CC72000341CE2 /* BalanceView.swift */,
			);
			path = Balance;
			sourceTree = "<group>";
		};
		03E5D8DB2B40D76E00B9BC9A /* CreditCard */ = {
			isa = PBXGroup;
			children = (
				03E5D8DC2B40D79A00B9BC9A /* CreditCardView.swift */,
			);
			path = CreditCard;
			sourceTree = "<group>";
		};
		03E5D8DE2B42138600B9BC9A /* GenericSection */ = {
			isa = PBXGroup;
			children = (
				03E5D8DF2B4213BD00B9BC9A /* GenericView.swift */,
			);
			path = GenericSection;
			sourceTree = "<group>";
		};
		03E5D8E22B421EB400B9BC9A /* Views */ = {
			isa = PBXGroup;
			children = (
				03E5D8FF2B45F3C800B9BC9A /* HomeView.swift */,
				03E5D8E62B425B9100B9BC9A /* Activities */,
				03BD4ABB2B3CC70200341CE2 /* Balance */,
				03E5D8DB2B40D76E00B9BC9A /* CreditCard */,
				BC2014002C47167900327599 /* GenericError */,
				03E5D8DE2B42138600B9BC9A /* GenericSection */,
				BC2014012C47173A00327599 /* Pix */,
			);
			path = Views;
			sourceTree = "<group>";
		};
		03E5D8E62B425B9100B9BC9A /* Activities */ = {
			isa = PBXGroup;
			children = (
				03E5D8E72B425BC700B9BC9A /* ActivitiesView.swift */,
			);
			path = Activities;
			sourceTree = "<group>";
		};
		03E5D8EC2B45E1F200B9BC9A /* ViewModel */ = {
			isa = PBXGroup;
			children = (
				03E5D8ED2B45E20F00B9BC9A /* HomeViewModel.swift */,
			);
			path = ViewModel;
			sourceTree = "<group>";
		};
		03E5D8EF2B45E25100B9BC9A /* Networking */ = {
			isa = PBXGroup;
			children = (
				03E5D8F02B45E2F800B9BC9A /* Base */,
				03E5D8F12B45E2FF00B9BC9A /* Endpoints */,
				03E5D8F22B45E30E00B9BC9A /* Services */,
			);
			path = Networking;
			sourceTree = "<group>";
		};
		03E5D8F02B45E2F800B9BC9A /* Base */ = {
			isa = PBXGroup;
			children = (
				03E5D8F32B45E32B00B9BC9A /* Endpoint.swift */,
				03E5D8F52B45E48A00B9BC9A /* RequestMethod.swift */,
				03E5D8F72B45E4F400B9BC9A /* RequestError.swift */,
				03E5D8F92B45E50D00B9BC9A /* HTTPClient.swift */,
			);
			path = Base;
			sourceTree = "<group>";
		};
		03E5D8F12B45E2FF00B9BC9A /* Endpoints */ = {
			isa = PBXGroup;
			children = (
				03E5D8FB2B45E52F00B9BC9A /* HomeEndpoint.swift */,
			);
			path = Endpoints;
			sourceTree = "<group>";
		};
		03E5D8F22B45E30E00B9BC9A /* Services */ = {
			isa = PBXGroup;
			children = (
				03E5D8FD2B45E64800B9BC9A /* HomeNetworkingService.swift */,
			);
			path = Services;
			sourceTree = "<group>";
		};
		188629C32B88EC0C00DA3CCD /* Models */ = {
			isa = PBXGroup;
			children = (
				188629C42B88EC2000DA3CCD /* HomeModel.swift */,
				188629C62B88EC3F00DA3CCD /* TextModel.swift */,
				BCB198642C2B76D10001E34E /* SectionModel.swift */,
				BC0B827A2C3898A00036C3D4 /* Balance */,
				BC03DFD72C3F221800C9795A /* CreditCard */,
				BC62CF492C40122600CB31F6 /* GenericSection */,
			);
			path = Models;
			sourceTree = "<group>";
		};
		698B6B0DB272C629C7B05FDA /* Frameworks */ = {
			isa = PBXGroup;
			children = (
				A1B7DFBE1CA2DF2FA219E05C /* Pods_SwiftBank.framework */,
			);
			name = Frameworks;
			sourceTree = "<group>";
		};
		93E3A5EE056B9D13AB7492E7 /* Pods */ = {
			isa = PBXGroup;
			children = (
				F49F12B24432F8F68BDC28D3 /* Pods-SwiftBank.debug.xcconfig */,
				D3BED46434633659937722A2 /* Pods-SwiftBank.release.xcconfig */,
			);
			path = Pods;
			sourceTree = "<group>";
		};
		BC03DFD72C3F221800C9795A /* CreditCard */ = {
			isa = PBXGroup;
			children = (
				BC03DFD92C3F223C00C9795A /* CreditCardResponse.swift */,
				BC62CF472C3F246A00CB31F6 /* CreditCardSection.swift */,
			);
			path = CreditCard;
			sourceTree = "<group>";
		};
		BC0B827A2C3898A00036C3D4 /* Balance */ = {
			isa = PBXGroup;
			children = (
				BC0B827B2C3898B80036C3D4 /* BalanceResponse.swift */,
				BC0B82812C38A4840036C3D4 /* BalanceSection.swift */,
			);
			path = Balance;
			sourceTree = "<group>";
		};
		BC2013F22C45D01E00327599 /* Navigation */ = {
			isa = PBXGroup;
			children = (
				BC2013F32C45D03700327599 /* NavigationRouter.swift */,
				BC2013F52C45D1D600327599 /* Route.swift */,
				BC2013FA2C45D92100327599 /* RouterHandler.swift */,
			);
			path = Navigation;
			sourceTree = "<group>";
		};
		BC2014002C47167900327599 /* GenericError */ = {
			isa = PBXGroup;
			children = (
				BC2014042C4717B000327599 /* GenericErrorView.swift */,
			);
			path = GenericError;
			sourceTree = "<group>";
		};
		BC2014012C47173A00327599 /* Pix */ = {
			isa = PBXGroup;
			children = (
				BC2013F82C45D2DC00327599 /* PixView.swift */,
			);
			path = Pix;
			sourceTree = "<group>";
		};
		BC62CF492C40122600CB31F6 /* GenericSection */ = {
			isa = PBXGroup;
			children = (
				BC0B827F2C38A4050036C3D4 /* GenericSectionView.swift */,
				BC62CF4A2C40124A00CB31F6 /* GenericSectionResponse.swift */,
				BC62CF4C2C4012C100CB31F6 /* GenericSection.swift */,
			);
			path = GenericSection;
			sourceTree = "<group>";
		};
		BCB198662C2B78D40001E34E /* Extensions */ = {
			isa = PBXGroup;
			children = (
				BC8F5BF62C37625500A6D5D0 /* DictionaryDecodable.swift */,
				BC2013FE2C47156600327599 /* URLExtension.swift */,
			);
			path = Extensions;
			sourceTree = "<group>";
		};
/* End PBXGroup section */

/* Begin PBXNativeTarget section */
		03BD4AA52B3CB26000341CE2 /* SwiftBank */ = {
			isa = PBXNativeTarget;
			buildConfigurationList = 03BD4AB42B3CB26400341CE2 /* Build configuration list for PBXNativeTarget "SwiftBank" */;
			buildPhases = (
				4E901D0B571E69F16E7E8671 /* [CP] Check Pods Manifest.lock */,
				03BD4AA22B3CB26000341CE2 /* Sources */,
				03BD4AA32B3CB26000341CE2 /* Frameworks */,
				03BD4AA42B3CB26000341CE2 /* Resources */,
				72843E42D6ACC27CBC65C9CF /* [CP] Embed Pods Frameworks */,
			);
			buildRules = (
			);
			dependencies = (
			);
			name = SwiftBank;
			productName = SwiftBank;
			productReference = 03BD4AA62B3CB26000341CE2 /* SwiftBank.app */;
			productType = "com.apple.product-type.application";
		};
/* End PBXNativeTarget section */

/* Begin PBXProject section */
		03BD4A9E2B3CB26000341CE2 /* Project object */ = {
			isa = PBXProject;
			attributes = {
				BuildIndependentTargetsInParallel = 1;
				LastSwiftUpdateCheck = 1430;
				LastUpgradeCheck = 1540;
				TargetAttributes = {
					03BD4AA52B3CB26000341CE2 = {
						CreatedOnToolsVersion = 14.3;
					};
				};
			};
			buildConfigurationList = 03BD4AA12B3CB26000341CE2 /* Build configuration list for PBXProject "SwiftBank" */;
			compatibilityVersion = "Xcode 14.0";
			developmentRegion = en;
			hasScannedForEncodings = 0;
			knownRegions = (
				en,
				Base,
			);
			mainGroup = 03BD4A9D2B3CB26000341CE2;
			productRefGroup = 03BD4AA72B3CB26000341CE2 /* Products */;
			projectDirPath = "";
			projectRoot = "";
			targets = (
				03BD4AA52B3CB26000341CE2 /* SwiftBank */,
			);
		};
/* End PBXProject section */

/* Begin PBXResourcesBuildPhase section */
		03BD4AA42B3CB26000341CE2 /* Resources */ = {
			isa = PBXResourcesBuildPhase;
			buildActionMask = 2147483647;
			files = (
				03BD4AB12B3CB26400341CE2 /* Preview Assets.xcassets in Resources */,
				03BD4AAE2B3CB26400341CE2 /* Assets.xcassets in Resources */,
			);
			runOnlyForDeploymentPostprocessing = 0;
		};
/* End PBXResourcesBuildPhase section */

/* Begin PBXShellScriptBuildPhase section */
		4E901D0B571E69F16E7E8671 /* [CP] Check Pods Manifest.lock */ = {
			isa = PBXShellScriptBuildPhase;
			buildActionMask = 2147483647;
			files = (
			);
			inputFileListPaths = (
			);
			inputPaths = (
				"${PODS_PODFILE_DIR_PATH}/Podfile.lock",
				"${PODS_ROOT}/Manifest.lock",
			);
			name = "[CP] Check Pods Manifest.lock";
			outputFileListPaths = (
			);
			outputPaths = (
				"$(DERIVED_FILE_DIR)/Pods-SwiftBank-checkManifestLockResult.txt",
			);
			runOnlyForDeploymentPostprocessing = 0;
			shellPath = /bin/sh;
			shellScript = "diff \"${PODS_PODFILE_DIR_PATH}/Podfile.lock\" \"${PODS_ROOT}/Manifest.lock\" > /dev/null\nif [ $? != 0 ] ; then\n    # print error to STDERR\n    echo \"error: The sandbox is not in sync with the Podfile.lock. Run 'pod install' or update your CocoaPods installation.\" >&2\n    exit 1\nfi\n# This output is used by Xcode 'outputs' to avoid re-running this script phase.\necho \"SUCCESS\" > \"${SCRIPT_OUTPUT_FILE_0}\"\n";
			showEnvVarsInLog = 0;
		};
		72843E42D6ACC27CBC65C9CF /* [CP] Embed Pods Frameworks */ = {
			isa = PBXShellScriptBuildPhase;
			buildActionMask = 2147483647;
			files = (
			);
			inputFileListPaths = (
				"${PODS_ROOT}/Target Support Files/Pods-SwiftBank/Pods-SwiftBank-frameworks-${CONFIGURATION}-input-files.xcfilelist",
			);
			name = "[CP] Embed Pods Frameworks";
			outputFileListPaths = (
				"${PODS_ROOT}/Target Support Files/Pods-SwiftBank/Pods-SwiftBank-frameworks-${CONFIGURATION}-output-files.xcfilelist",
			);
			runOnlyForDeploymentPostprocessing = 0;
			shellPath = /bin/sh;
			shellScript = "\"${PODS_ROOT}/Target Support Files/Pods-SwiftBank/Pods-SwiftBank-frameworks.sh\"\n";
			showEnvVarsInLog = 0;
		};
/* End PBXShellScriptBuildPhase section */

/* Begin PBXSourcesBuildPhase section */
		03BD4AA22B3CB26000341CE2 /* Sources */ = {
			isa = PBXSourcesBuildPhase;
			buildActionMask = 2147483647;
			files = (
				BC2014052C4717B000327599 /* GenericErrorView.swift in Sources */,
				03BD4ABD2B3CC72000341CE2 /* BalanceView.swift in Sources */,
				BC2013FB2C45D92100327599 /* RouterHandler.swift in Sources */,
				03E5D8EE2B45E20F00B9BC9A /* HomeViewModel.swift in Sources */,
				03E5D8FA2B45E50D00B9BC9A /* HTTPClient.swift in Sources */,
				BC2013F42C45D03700327599 /* NavigationRouter.swift in Sources */,
				BC2013FF2C47156600327599 /* URLExtension.swift in Sources */,
				188629C52B88EC2000DA3CCD /* HomeModel.swift in Sources */,
				BC0B827C2C3898B80036C3D4 /* BalanceResponse.swift in Sources */,
				BC03DFDA2C3F223C00C9795A /* CreditCardResponse.swift in Sources */,
				03E5D8F42B45E32B00B9BC9A /* Endpoint.swift in Sources */,
				03E5D8F62B45E48A00B9BC9A /* RequestMethod.swift in Sources */,
				03BD4AAA2B3CB26000341CE2 /* SwiftBankApp.swift in Sources */,
				03E5D8DD2B40D79A00B9BC9A /* CreditCardView.swift in Sources */,
				BC0B82802C38A4050036C3D4 /* GenericSectionView.swift in Sources */,
				03E5D8FC2B45E52F00B9BC9A /* HomeEndpoint.swift in Sources */,
				03E5D8F82B45E4F400B9BC9A /* RequestError.swift in Sources */,
				BCB198652C2B76D10001E34E /* SectionModel.swift in Sources */,
				188629C72B88EC3F00DA3CCD /* TextModel.swift in Sources */,
				BC62CF4D2C4012C100CB31F6 /* GenericSection.swift in Sources */,
				BC2013F62C45D1D600327599 /* Route.swift in Sources */,
				BC2013F92C45D2DC00327599 /* PixView.swift in Sources */,
				03E5D8E82B425BC700B9BC9A /* ActivitiesView.swift in Sources */,
				BC8F5BF72C37625500A6D5D0 /* DictionaryDecodable.swift in Sources */,
				BC0B82822C38A4840036C3D4 /* BalanceSection.swift in Sources */,
				BC62CF482C3F246A00CB31F6 /* CreditCardSection.swift in Sources */,
				03E5D9002B45F3C800B9BC9A /* HomeView.swift in Sources */,
				BC62CF4B2C40124A00CB31F6 /* GenericSectionResponse.swift in Sources */,
				03E5D8FE2B45E64800B9BC9A /* HomeNetworkingService.swift in Sources */,
				03E5D8E02B4213BD00B9BC9A /* GenericView.swift in Sources */,
			);
			runOnlyForDeploymentPostprocessing = 0;
		};
/* End PBXSourcesBuildPhase section */

/* Begin XCBuildConfiguration section */
		03BD4AB22B3CB26400341CE2 /* Debug */ = {
			isa = XCBuildConfiguration;
			buildSettings = {
				ALWAYS_SEARCH_USER_PATHS = NO;
				ASSETCATALOG_COMPILER_GENERATE_SWIFT_ASSET_SYMBOL_EXTENSIONS = YES;
				CLANG_ANALYZER_NONNULL = YES;
				CLANG_ANALYZER_NUMBER_OBJECT_CONVERSION = YES_AGGRESSIVE;
				CLANG_CXX_LANGUAGE_STANDARD = "gnu++20";
				CLANG_ENABLE_MODULES = YES;
				CLANG_ENABLE_OBJC_ARC = YES;
				CLANG_ENABLE_OBJC_WEAK = YES;
				CLANG_WARN_BLOCK_CAPTURE_AUTORELEASING = YES;
				CLANG_WARN_BOOL_CONVERSION = YES;
				CLANG_WARN_COMMA = YES;
				CLANG_WARN_CONSTANT_CONVERSION = YES;
				CLANG_WARN_DEPRECATED_OBJC_IMPLEMENTATIONS = YES;
				CLANG_WARN_DIRECT_OBJC_ISA_USAGE = YES_ERROR;
				CLANG_WARN_DOCUMENTATION_COMMENTS = YES;
				CLANG_WARN_EMPTY_BODY = YES;
				CLANG_WARN_ENUM_CONVERSION = YES;
				CLANG_WARN_INFINITE_RECURSION = YES;
				CLANG_WARN_INT_CONVERSION = YES;
				CLANG_WARN_NON_LITERAL_NULL_CONVERSION = YES;
				CLANG_WARN_OBJC_IMPLICIT_RETAIN_SELF = YES;
				CLANG_WARN_OBJC_LITERAL_CONVERSION = YES;
				CLANG_WARN_OBJC_ROOT_CLASS = YES_ERROR;
				CLANG_WARN_QUOTED_INCLUDE_IN_FRAMEWORK_HEADER = YES;
				CLANG_WARN_RANGE_LOOP_ANALYSIS = YES;
				CLANG_WARN_STRICT_PROTOTYPES = YES;
				CLANG_WARN_SUSPICIOUS_MOVE = YES;
				CLANG_WARN_UNGUARDED_AVAILABILITY = YES_AGGRESSIVE;
				CLANG_WARN_UNREACHABLE_CODE = YES;
				CLANG_WARN__DUPLICATE_METHOD_MATCH = YES;
				COPY_PHASE_STRIP = NO;
				DEBUG_INFORMATION_FORMAT = dwarf;
				ENABLE_STRICT_OBJC_MSGSEND = YES;
				ENABLE_TESTABILITY = YES;
				ENABLE_USER_SCRIPT_SANDBOXING = YES;
				GCC_C_LANGUAGE_STANDARD = gnu11;
				GCC_DYNAMIC_NO_PIC = NO;
				GCC_NO_COMMON_BLOCKS = YES;
				GCC_OPTIMIZATION_LEVEL = 0;
				GCC_PREPROCESSOR_DEFINITIONS = (
					"DEBUG=1",
					"$(inherited)",
				);
				GCC_WARN_64_TO_32_BIT_CONVERSION = YES;
				GCC_WARN_ABOUT_RETURN_TYPE = YES_ERROR;
				GCC_WARN_UNDECLARED_SELECTOR = YES;
				GCC_WARN_UNINITIALIZED_AUTOS = YES_AGGRESSIVE;
				GCC_WARN_UNUSED_FUNCTION = YES;
				GCC_WARN_UNUSED_VARIABLE = YES;
				IPHONEOS_DEPLOYMENT_TARGET = 17.4;
				MTL_ENABLE_DEBUG_INFO = INCLUDE_SOURCE;
				MTL_FAST_MATH = YES;
				ONLY_ACTIVE_ARCH = YES;
				SDKROOT = iphoneos;
				SWIFT_ACTIVE_COMPILATION_CONDITIONS = DEBUG;
				SWIFT_OPTIMIZATION_LEVEL = "-Onone";
			};
			name = Debug;
		};
		03BD4AB32B3CB26400341CE2 /* Release */ = {
			isa = XCBuildConfiguration;
			buildSettings = {
				ALWAYS_SEARCH_USER_PATHS = NO;
				ASSETCATALOG_COMPILER_GENERATE_SWIFT_ASSET_SYMBOL_EXTENSIONS = YES;
				CLANG_ANALYZER_NONNULL = YES;
				CLANG_ANALYZER_NUMBER_OBJECT_CONVERSION = YES_AGGRESSIVE;
				CLANG_CXX_LANGUAGE_STANDARD = "gnu++20";
				CLANG_ENABLE_MODULES = YES;
				CLANG_ENABLE_OBJC_ARC = YES;
				CLANG_ENABLE_OBJC_WEAK = YES;
				CLANG_WARN_BLOCK_CAPTURE_AUTORELEASING = YES;
				CLANG_WARN_BOOL_CONVERSION = YES;
				CLANG_WARN_COMMA = YES;
				CLANG_WARN_CONSTANT_CONVERSION = YES;
				CLANG_WARN_DEPRECATED_OBJC_IMPLEMENTATIONS = YES;
				CLANG_WARN_DIRECT_OBJC_ISA_USAGE = YES_ERROR;
				CLANG_WARN_DOCUMENTATION_COMMENTS = YES;
				CLANG_WARN_EMPTY_BODY = YES;
				CLANG_WARN_ENUM_CONVERSION = YES;
				CLANG_WARN_INFINITE_RECURSION = YES;
				CLANG_WARN_INT_CONVERSION = YES;
				CLANG_WARN_NON_LITERAL_NULL_CONVERSION = YES;
				CLANG_WARN_OBJC_IMPLICIT_RETAIN_SELF = YES;
				CLANG_WARN_OBJC_LITERAL_CONVERSION = YES;
				CLANG_WARN_OBJC_ROOT_CLASS = YES_ERROR;
				CLANG_WARN_QUOTED_INCLUDE_IN_FRAMEWORK_HEADER = YES;
				CLANG_WARN_RANGE_LOOP_ANALYSIS = YES;
				CLANG_WARN_STRICT_PROTOTYPES = YES;
				CLANG_WARN_SUSPICIOUS_MOVE = YES;
				CLANG_WARN_UNGUARDED_AVAILABILITY = YES_AGGRESSIVE;
				CLANG_WARN_UNREACHABLE_CODE = YES;
				CLANG_WARN__DUPLICATE_METHOD_MATCH = YES;
				COPY_PHASE_STRIP = NO;
				DEBUG_INFORMATION_FORMAT = "dwarf-with-dsym";
				ENABLE_NS_ASSERTIONS = NO;
				ENABLE_STRICT_OBJC_MSGSEND = YES;
				ENABLE_USER_SCRIPT_SANDBOXING = YES;
				GCC_C_LANGUAGE_STANDARD = gnu11;
				GCC_NO_COMMON_BLOCKS = YES;
				GCC_WARN_64_TO_32_BIT_CONVERSION = YES;
				GCC_WARN_ABOUT_RETURN_TYPE = YES_ERROR;
				GCC_WARN_UNDECLARED_SELECTOR = YES;
				GCC_WARN_UNINITIALIZED_AUTOS = YES_AGGRESSIVE;
				GCC_WARN_UNUSED_FUNCTION = YES;
				GCC_WARN_UNUSED_VARIABLE = YES;
				IPHONEOS_DEPLOYMENT_TARGET = 17.4;
				MTL_ENABLE_DEBUG_INFO = NO;
				MTL_FAST_MATH = YES;
				SDKROOT = iphoneos;
				SWIFT_COMPILATION_MODE = wholemodule;
				SWIFT_OPTIMIZATION_LEVEL = "-O";
				VALIDATE_PRODUCT = YES;
			};
			name = Release;
		};
		03BD4AB52B3CB26400341CE2 /* Debug */ = {
			isa = XCBuildConfiguration;
			baseConfigurationReference = F49F12B24432F8F68BDC28D3 /* Pods-SwiftBank.debug.xcconfig */;
			buildSettings = {
				ASSETCATALOG_COMPILER_APPICON_NAME = AppIcon;
				ASSETCATALOG_COMPILER_GLOBAL_ACCENT_COLOR_NAME = AccentColor;
				CODE_SIGN_IDENTITY = "Apple Development";
				CODE_SIGN_STYLE = Automatic;
				CURRENT_PROJECT_VERSION = 1;
				DEVELOPMENT_ASSET_PATHS = "\"SwiftBank/Preview Content\"";
				DEVELOPMENT_TEAM = PW48G2RABM;
				ENABLE_PREVIEWS = YES;
				ENABLE_USER_SCRIPT_SANDBOXING = NO;
				GENERATE_INFOPLIST_FILE = YES;
				INFOPLIST_FILE = SwiftBank/Info.plist;
				INFOPLIST_KEY_UIApplicationSceneManifest_Generation = YES;
				INFOPLIST_KEY_UIApplicationSupportsIndirectInputEvents = YES;
				INFOPLIST_KEY_UILaunchScreen_Generation = YES;
				INFOPLIST_KEY_UISupportedInterfaceOrientations_iPad = "UIInterfaceOrientationPortrait UIInterfaceOrientationPortraitUpsideDown UIInterfaceOrientationLandscapeLeft UIInterfaceOrientationLandscapeRight";
				INFOPLIST_KEY_UISupportedInterfaceOrientations_iPhone = "UIInterfaceOrientationPortrait UIInterfaceOrientationLandscapeLeft UIInterfaceOrientationLandscapeRight";
				IPHONEOS_DEPLOYMENT_TARGET = 17.4;
				LD_RUNPATH_SEARCH_PATHS = (
					"$(inherited)",
					"@executable_path/Frameworks",
				);
				MARKETING_VERSION = 1.0;
				PRODUCT_BUNDLE_IDENTIFIER = com.afc.SwiftBank;
				PRODUCT_NAME = "$(TARGET_NAME)";
				PROVISIONING_PROFILE_SPECIFIER = "";
				SWIFT_EMIT_LOC_STRINGS = YES;
				SWIFT_VERSION = 5.0;
				TARGETED_DEVICE_FAMILY = "1,2";
			};
			name = Debug;
		};
		03BD4AB62B3CB26400341CE2 /* Release */ = {
			isa = XCBuildConfiguration;
			baseConfigurationReference = D3BED46434633659937722A2 /* Pods-SwiftBank.release.xcconfig */;
			buildSettings = {
				ASSETCATALOG_COMPILER_APPICON_NAME = AppIcon;
				ASSETCATALOG_COMPILER_GLOBAL_ACCENT_COLOR_NAME = AccentColor;
				CODE_SIGN_IDENTITY = "Apple Development";
				CODE_SIGN_STYLE = Automatic;
				CURRENT_PROJECT_VERSION = 1;
				DEVELOPMENT_ASSET_PATHS = "\"SwiftBank/Preview Content\"";
				DEVELOPMENT_TEAM = PW48G2RABM;
				ENABLE_PREVIEWS = YES;
				ENABLE_USER_SCRIPT_SANDBOXING = NO;
				GENERATE_INFOPLIST_FILE = YES;
				INFOPLIST_FILE = SwiftBank/Info.plist;
				INFOPLIST_KEY_UIApplicationSceneManifest_Generation = YES;
				INFOPLIST_KEY_UIApplicationSupportsIndirectInputEvents = YES;
				INFOPLIST_KEY_UILaunchScreen_Generation = YES;
				INFOPLIST_KEY_UISupportedInterfaceOrientations_iPad = "UIInterfaceOrientationPortrait UIInterfaceOrientationPortraitUpsideDown UIInterfaceOrientationLandscapeLeft UIInterfaceOrientationLandscapeRight";
				INFOPLIST_KEY_UISupportedInterfaceOrientations_iPhone = "UIInterfaceOrientationPortrait UIInterfaceOrientationLandscapeLeft UIInterfaceOrientationLandscapeRight";
				IPHONEOS_DEPLOYMENT_TARGET = 17.4;
				LD_RUNPATH_SEARCH_PATHS = (
					"$(inherited)",
					"@executable_path/Frameworks",
				);
				MARKETING_VERSION = 1.0;
				PRODUCT_BUNDLE_IDENTIFIER = com.afc.SwiftBank;
				PRODUCT_NAME = "$(TARGET_NAME)";
				PROVISIONING_PROFILE_SPECIFIER = "";
				SWIFT_EMIT_LOC_STRINGS = YES;
				SWIFT_VERSION = 5.0;
				TARGETED_DEVICE_FAMILY = "1,2";
			};
			name = Release;
		};
/* End XCBuildConfiguration section */

/* Begin XCConfigurationList section */
		03BD4AA12B3CB26000341CE2 /* Build configuration list for PBXProject "SwiftBank" */ = {
			isa = XCConfigurationList;
			buildConfigurations = (
				03BD4AB22B3CB26400341CE2 /* Debug */,
				03BD4AB32B3CB26400341CE2 /* Release */,
			);
			defaultConfigurationIsVisible = 0;
			defaultConfigurationName = Release;
		};
		03BD4AB42B3CB26400341CE2 /* Build configuration list for PBXNativeTarget "SwiftBank" */ = {
			isa = XCConfigurationList;
			buildConfigurations = (
				03BD4AB52B3CB26400341CE2 /* Debug */,
				03BD4AB62B3CB26400341CE2 /* Release */,
			);
			defaultConfigurationIsVisible = 0;
			defaultConfigurationName = Release;
		};
/* End XCConfigurationList section */
	};
	rootObject = 03BD4A9E2B3CB26000341CE2 /* Project object */;
}
